
Microsoft Visual Studio Solution File, Format Version 12.00
# Visual Studio Version 16
VisualStudioVersion = 16.0.29926.136
MinimumVisualStudioVersion = 10.0.40219.1
Project("{FAE04EC0-301F-11D3-BF4B-00C04F79EFBC}") = "SerialCommunicator", "SerialCommunicator\SerialCommunicator.csproj", "{B2E98B60-E90E-46CE-A9E9-BB04D540F6A7}"
EndProject
Global
	GlobalSection(SolutionConfigurationPlatforms) = preSolution
		Debug|Any CPU = Debug|Any CPU
		Release|Any CPU = Release|Any CPU
	EndGlobalSection
	GlobalSection(ProjectConfigurationPlatforms) = postSolution
		{B2E98B60-E90E-46CE-A9E9-BB04D540F6A7}.Debug|Any CPU.ActiveCfg = Debug|Any CPU
		{B2E98B60-E90E-46CE-A9E9-BB04D540F6A7}.Debug|Any CPU.Build.0 = Debug|Any CPU
		{B2E98B60-E90E-46CE-A9E9-BB04D540F6A7}.Release|Any CPU.ActiveCfg = Release|Any CPU
		{B2E98B60-E90E-46CE-A9E9-BB04D540F6A7}.Release|Any CPU.Build.0 = Release|Any CPU
	EndGlobalSection
	GlobalSection(SolutionProperties) = preSolution
		HideSolutionNode = FALSE
	EndGlobalSection
	GlobalSection(ExtensibilityGlobals) = postSolution
		SolutionGuid = {9CEECB97-9FAA-42D8-950B-5FE8033BF767}
	EndGlobalSection
EndGlobal
